{
  "nodes": {
    "boot-assets": {
      "flake": false,
      "locked": {
        "lastModified": 1784499399,
        "narHash": "sha256-XM+kmllcGL2Q6h6yquGk79xJMfrf03btHaqldhvR2bA=",
        "ref": "refs/heads/main",
        "rev": "9a6eceacd3e6d4a9afb3e4b591aba24d05723582",
        "revCount": 13,
        "type": "git",
        "url": "ssh://git@github.com/foundingrain/private-boot-assets.git"
      },
      "original": {
        "type": "git",
        "url": "ssh://git@github.com/foundingrain/private-boot-assets.git"
      }
    },
    "flake-parts": {
      "inputs": {
        "nixpkgs-lib": "nixpkgs-lib"
      },
      "locked": {
        "lastModified": 1782949081,
        "narHash": "sha256-vp6Y/Grm98ESt6ceOkWiHWyZRDV3J1RID4w+6NWK9yA=",
        "owner": "hercules-ci",
        "repo": "flake-parts",
        "rev": "17c9d6cdfc60c64f4ee8d306f9bc0b4ccb51481e",
        "type": "github"
      },
      "original": {
        "owner": "hercules-ci",
        "repo": "flake-parts",
        "type": "github"
      }
    },
    "flake-parts_2": {
      "inputs": {
        "nixpkgs-lib": [
          "kickstart-nixvim",
          "nixvim",
          "nixpkgs"
        ]
      },
      "locked": {
        "lastModified": 1782949081,
        "narHash": "sha256-vp6Y/Grm98ESt6ceOkWiHWyZRDV3J1RID4w+6NWK9yA=",
        "owner": "hercules-ci",
        "repo": "flake-parts",
        "rev": "17c9d6cdfc60c64f4ee8d306f9bc0b4ccb51481e",
        "type": "github"
      },
      "original": {
        "owner": "hercules-ci",
        "repo": "flake-parts",
        "type": "github"
      }
    },
    "home-manager": {
      "inputs": {
        "nixpkgs": [
          "nixpkgs"
        ]
      },
      "locked": {
        "lastModified": 1784489491,
        "narHash": "sha256-j9maqjx1T8+ljAVntAdSI5hSGCm77QNZz64JF1rJNu0=",
        "owner": "nix-community",
        "repo": "home-manager",
        "rev": "3139deb8cafbe73b39b24451255b2fdd3426077e",
        "type": "github"
      },
      "original": {
        "owner": "nix-community",
        "ref": "master",
        "repo": "home-manager",
        "type": "github"
      }
    },
    "home-manager_2": {
      "inputs": {
        "nixpkgs": [
          "zen-browser",
          "nixpkgs"
        ]
      },
      "locked": {
        "lastModified": 1783963347,
        "narHash": "sha256-r376E2XpakiXwModDHIxlvB6qLq4iFVEq730vxOO4JY=",
        "owner": "nix-community",
        "repo": "home-manager",
        "rev": "a45a7c451455a51ae740ec3bce4024b312809c29",
        "type": "github"
      },
      "original": {
        "owner": "nix-community",
        "repo": "home-manager",
        "type": "github"
      }
    },
    "kickstart-nixvim": {
      "inputs": {
        "flake-parts": "flake-parts",
        "nixpkgs": "nixpkgs",
        "nixvim": "nixvim"
      },
      "locked": {
        "lastModified": 1761107400,
        "narHash": "sha256-WYurMXvMkDxWc9PDt0hKZoAfoV9lVXw6vq13xN5VA/U=",
        "owner": "JMartJonesy",
        "repo": "kickstart.nixvim",
        "rev": "df53a8c9456c7ae2df85ddbac33b0e9e36ad4b55",
        "type": "github"
      },
      "original": {
        "owner": "JMartJonesy",
        "repo": "kickstart.nixvim",
        "type": "github"
      }
    },
    "nix-index-database": {
      "inputs": {
        "nixpkgs": [
          "nixpkgs"
        ]
      },
      "locked": {
        "lastModified": 1784440659,
        "narHash": "sha256-Q5kNLlWngt7TaIIZoxDKWMHjiSaNRVqr70FqWCRRfr4=",
        "owner": "nix-community",
        "repo": "nix-index-database",
        "rev": "4f8d52a3598b0dc7db7a5e7b419e3edd9d1ecfdb",
        "type": "github"
      },
      "original": {
        "owner": "nix-community",
        "repo": "nix-index-database",
        "type": "github"
      }
    },
    "nixpkgs": {
      "locked": {
        "lastModified": 1784356753,
        "narHash": "sha256-12KrbMiWLcf8m7pCvAtZh1ZrgF85ZXDXvfR/fWTKy84=",
        "owner": "nixos",
        "repo": "nixpkgs",
        "rev": "61b7c44c4073f0b827768aff0049561b5110ea5a",
        "type": "github"
      },
      "original": {
        "owner": "nixos",
        "ref": "nixos-unstable",
        "repo": "nixpkgs",
        "type": "github"
      }
    },
    "nixpkgs-lib": {
      "locked": {
        "lastModified": 1782614948,
        "narHash": "sha256-ePjCwr1sNm9NYUqywL7QfK3JnlS015msC+eBu2zKlp8=",
        "owner": "nix-community",
        "repo": "nixpkgs.lib",
        "rev": "db3f255737b94216eb71cce308e2912cf6bc2d7c",
        "type": "github"
      },
      "original": {
        "owner": "nix-community",
        "repo": "nixpkgs.lib",
        "type": "github"
      }
    },
    "nixpkgs_2": {
      "locked": {
        "lastModified": 1784356753,
        "narHash": "sha256-12KrbMiWLcf8m7pCvAtZh1ZrgF85ZXDXvfR/fWTKy84=",
        "owner": "nixos",
        "repo": "nixpkgs",
        "rev": "61b7c44c4073f0b827768aff0049561b5110ea5a",
        "type": "github"
      },
      "original": {
        "owner": "nixos",
        "ref": "nixos-unstable",
        "repo": "nixpkgs",
        "type": "github"
      }
    },
    "nixpkgs_3": {
      "locked": {
        "lastModified": 1784007870,
        "narHash": "sha256-djcLt/JJphyNt4eDY9XTly+/WbCK5lqWq9lSgCmJkkQ=",
        "owner": "nixos",
        "repo": "nixpkgs",
        "rev": "18b9261cb3294b6d2a06d03f96872827b8fe2698",
        "type": "github"
      },
      "original": {
        "owner": "nixos",
        "ref": "nixos-unstable",
        "repo": "nixpkgs",
        "type": "github"
      }
    },
    "nixvim": {
      "inputs": {
        "flake-parts": "flake-parts_2",
        "nixpkgs": [
          "kickstart-nixvim",
          "nixpkgs"
        ],
        "systems": "systems"
      },
      "locked": {
        "lastModified": 1784057377,
        "narHash": "sha256-yycNej5//EsRbV10moBoh+/63vXEwZD1ZFEiRm6C9rQ=",
        "owner": "nix-community",
        "repo": "nixvim",
        "rev": "07180a087e4a00720dc0731cbcd8dec796974381",
        "type": "github"
      },
      "original": {
        "owner": "nix-community",
        "repo": "nixvim",
        "type": "github"
      }
    },
    "noctalia": {
      "inputs": {
        "nixpkgs": [
          "nixpkgs"
        ]
      },
      "locked": {
        "lastModified": 1784482325,
        "narHash": "sha256-u5wnbu0UBxi3uptK8lBy4vYkWtha85vtpWDeQiLdpP8=",
        "owner": "noctalia-dev",
        "repo": "noctalia-shell",
        "rev": "9b54388744e6f3ac2e2dd573a64eef1540c6401c",
        "type": "github"
      },
      "original": {
        "owner": "noctalia-dev",
        "repo": "noctalia-shell",
        "type": "github"
      }
    },
    "root": {
      "inputs": {
        "boot-assets": "boot-assets",
        "home-manager": "home-manager",
        "kickstart-nixvim": "kickstart-nixvim",
        "nix-index-database": "nix-index-database",
        "nixpkgs": "nixpkgs_2",
        "noctalia": "noctalia",
        "zen-browser": "zen-browser"
      }
    },
    "systems": {
      "locked": {
        "lastModified": 1774449309,
        "narHash": "sha256-brhZ8DmuGtzkCYHJg4HEd602amKm89Y9ytsFZ5uWD1w=",
        "owner": "nix-systems",
        "repo": "default",
        "rev": "c29398b59d2048c4ab79345812849c9bd15e9150",
        "type": "github"
      },
      "original": {
        "owner": "nix-systems",
        "ref": "future-26.11",
        "repo": "default",
        "type": "github"
      }
    },
    "zen-browser": {
      "inputs": {
        "home-manager": "home-manager_2",
        "nixpkgs": "nixpkgs_3"
      },
      "locked": {
        "lastModified": 1784287306,
        "narHash": "sha256-N0uYliEuDJ7BCH9th1QKmlz1ddGjBwwL8LIvTpM/pt4=",
        "owner": "0xc000022070",
        "repo": "zen-browser-flake",
        "rev": "b039696b48f7796a753f9848cf004dbe072541f5",
        "type": "github"
      },
      "original": {
        "owner": "0xc000022070",
        "ref": "beta",
        "repo": "zen-browser-flake",
        "type": "github"
      }
    }
  },
  "root": "root",
  "version": 7
}
