{
  "nodes": {
    "boot-assets": {
      "flake": false,
      "locked": {
        "lastModified": 1785684559,
        "narHash": "sha256-y9cMgbmGvxJ4UYGO4zbFAnk8qT5HnrF+tCCkWnxwKus=",
        "ref": "refs/heads/main",
        "rev": "092a2f07da250f28c1ca7defdc5505c3cd755350",
        "revCount": 14,
        "type": "git",
        "url": "ssh://git@github.com/foundingrain/private-boot-assets.git"
      },
      "original": {
        "type": "git",
        "url": "ssh://git@github.com/foundingrain/private-boot-assets.git"
      }
    },
    "home-manager": {
      "inputs": {
        "nixpkgs": [
          "nixpkgs"
        ]
      },
      "locked": {
        "lastModified": 1790365885,
        "narHash": "sha256-iQ0ebhiVo64NktTnwft9hNxlFu4j5cvljVxyJaEVIP4=",
        "owner": "nix-community",
        "repo": "home-manager",
        "rev": "7b4c5ec4bedaf1e062bbc1bcaeddbc6bd242aa1b",
        "type": "github"
      },
      "original": {
        "owner": "nix-community",
        "ref": "master",
        "repo": "home-manager",
        "type": "github"
      }
    },
    "home-manager_2": {
      "inputs": {
        "nixpkgs": [
          "zen-browser",
          "nixpkgs"
        ]
      },
      "locked": {
        "lastModified": 1789430117,
        "narHash": "sha256-t+U1mijItLJ64xZOifpfQ17kpAL73nU7pDI48ScacVc=",
        "owner": "nix-community",
        "repo": "home-manager",
        "rev": "cda90fd8838825c689fde9d3f3b4e937937790df",
        "type": "github"
      },
      "original": {
        "owner": "nix-community",
        "repo": "home-manager",
        "type": "github"
      }
    },
    "nix-index-database": {
      "inputs": {
        "nixpkgs": [
          "nixpkgs"
        ]
      },
      "locked": {
        "lastModified": 1789892076,
        "narHash": "sha256-Dkg4VKPmDPqTwaiw2WH5br73tXoL1qrOO0xJnR4TlcA=",
        "owner": "nix-community",
        "repo": "nix-index-database",
        "rev": "9ad722673ab3b3f91f02135e53775825b240b869",
        "type": "github"
      },
      "original": {
        "owner": "nix-community",
        "repo": "nix-index-database",
        "type": "github"
      }
    },
    "nixpkgs": {
      "locked": {
        "lastModified": 1790323409,
        "narHash": "sha256-VVTPf+Hyd5ebpjBMHmrLMSBIeW6ls48Bqtosj7CNKLA=",
        "owner": "nixos",
        "repo": "nixpkgs",
        "rev": "e94cb152ed51bd6e24eb4a41f1460252beb52cd2",
        "type": "github"
      },
      "original": {
        "owner": "nixos",
        "ref": "nixos-unstable",
        "repo": "nixpkgs",
        "type": "github"
      }
    },
    "nixpkgs_2": {
      "locked": {
        "lastModified": 1789286504,
        "narHash": "sha256-eiEK7cKZORNEvX0GeF3RtNEF/JXhgf2RqSp3230q13E=",
        "owner": "nixos",
        "repo": "nixpkgs",
        "rev": "ef34387ddd751e1ab8857adf4676492d32eb24ec",
        "type": "github"
      },
      "original": {
        "owner": "nixos",
        "ref": "nixos-unstable",
        "repo": "nixpkgs",
        "type": "github"
      }
    },
    "noctalia": {
      "inputs": {
        "nixpkgs": [
          "nixpkgs"
        ]
      },
      "locked": {
        "lastModified": 1790385836,
        "narHash": "sha256-oizJ2ro1mdw9YAVeRt5eKpTTBhyn+VI91VmL7Vqv/d0=",
        "owner": "noctalia-dev",
        "repo": "noctalia-shell",
        "rev": "be43d120fae7f3bbe39651f9c91dafcf551f2312",
        "type": "github"
      },
      "original": {
        "owner": "noctalia-dev",
        "repo": "noctalia-shell",
        "type": "github"
      }
    },
    "root": {
      "inputs": {
        "boot-assets": "boot-assets",
        "home-manager": "home-manager",
        "nix-index-database": "nix-index-database",
        "nixpkgs": "nixpkgs",
        "noctalia": "noctalia",
        "zen-browser": "zen-browser"
      }
    },
    "zen-browser": {
      "inputs": {
        "home-manager": "home-manager_2",
        "nixpkgs": "nixpkgs_2"
      },
      "locked": {
        "lastModified": 1790160881,
        "narHash": "sha256-VTHBBI0EvApXSssCthrYLsrGN4/0nM/tW9A17NEmKEU=",
        "owner": "0xc000022070",
        "repo": "zen-browser-flake",
        "rev": "1b16ef2b81078b5f363e6bb689d2193f8eccadb7",
        "type": "github"
      },
      "original": {
        "owner": "0xc000022070",
        "ref": "beta",
        "repo": "zen-browser-flake",
        "type": "github"
      }
    }
  },
  "root": "root",
  "version": 7
}
